
Microsoft Visual Studio Solution File, Format Version 12.00
# Visual Studio 15
VisualStudioVersion = 15.0.28307.1259
MinimumVisualStudioVersion = 10.0.40219.1
Project("{159641D6-6404-4A2A-AE62-294DE0FE8301}") = "Peisa", "Peisa\Peisa.dtproj", "{BB72D01C-AC8D-4DD3-A51A-27B54EFCB0C0}"
EndProject
Global
	GlobalSection(SolutionConfigurationPlatforms) = preSolution
		Development|Default = Development|Default
	EndGlobalSection
	GlobalSection(ProjectConfigurationPlatforms) = postSolution
		{BB72D01C-AC8D-4DD3-A51A-27B54EFCB0C0}.Development|Default.ActiveCfg = Development
		{BB72D01C-AC8D-4DD3-A51A-27B54EFCB0C0}.Development|Default.Build.0 = Development
	EndGlobalSection
	GlobalSection(SolutionProperties) = preSolution
		HideSolutionNode = FALSE
	EndGlobalSection
	GlobalSection(ExtensibilityGlobals) = postSolution
		SolutionGuid = {19603274-5E86-4598-8985-6BCE8ECA7F66}
	EndGlobalSection
EndGlobal
